
Microsoft Visual Studio Solution File, Format Version 12.00
# Visual Studio 2012
Project("{FAE04EC0-301F-11D3-BF4B-00C04F79EFBC}") = "KR.Domain", "KR.Domain\KR.Domain.csproj", "{EE37A017-2B10-4BC5-A05C-4971981DC680}"
EndProject
Project("{FAE04EC0-301F-11D3-BF4B-00C04F79EFBC}") = "KR.WebUI", "KR.WebUI\KR.WebUI.csproj", "{8F6B890B-A012-4C90-B7C9-E97203A6DDF0}"
EndProject
Global
	GlobalSection(SolutionConfigurationPlatforms) = preSolution
		Debug|Any CPU = Debug|Any CPU
		Release|Any CPU = Release|Any CPU
	EndGlobalSection
	GlobalSection(ProjectConfigurationPlatforms) = postSolution
		{EE37A017-2B10-4BC5-A05C-4971981DC680}.Debug|Any CPU.ActiveCfg = Debug|Any CPU
		{EE37A017-2B10-4BC5-A05C-4971981DC680}.Debug|Any CPU.Build.0 = Debug|Any CPU
		{EE37A017-2B10-4BC5-A05C-4971981DC680}.Release|Any CPU.ActiveCfg = Release|Any CPU
		{EE37A017-2B10-4BC5-A05C-4971981DC680}.Release|Any CPU.Build.0 = Release|Any CPU
		{8F6B890B-A012-4C90-B7C9-E97203A6DDF0}.Debug|Any CPU.ActiveCfg = Debug|Any CPU
		{8F6B890B-A012-4C90-B7C9-E97203A6DDF0}.Debug|Any CPU.Build.0 = Debug|Any CPU
		{8F6B890B-A012-4C90-B7C9-E97203A6DDF0}.Release|Any CPU.ActiveCfg = Release|Any CPU
		{8F6B890B-A012-4C90-B7C9-E97203A6DDF0}.Release|Any CPU.Build.0 = Release|Any CPU
	EndGlobalSection
	GlobalSection(SolutionProperties) = preSolution
		HideSolutionNode = FALSE
	EndGlobalSection
EndGlobal
